# THIS IS AN AUTOGENERATED FILE. DO NOT EDIT THIS FILE DIRECTLY.
# yarn lockfile v1


pocketbase@^0.14.4:
  version "0.14.4"
  resolved "https://registry.yarnpkg.com/pocketbase/-/pocketbase-0.14.4.tgz#d661e25a2accb80700537fe43d97fa9b471f3803"
  integrity sha512-FZJmZ7+tRJ6ShK9h8nZJNSPVfDIR1gukqcAjrzc7IS2zgK4PdBv7wwIJtCRdYYBxHMNAvU1uFkpQ0sWE094wuw==

zenroom@^3.0.1:
  version "3.0.1"
  resolved "https://registry.yarnpkg.com/zenroom/-/zenroom-3.0.1.tgz#5cf4642e113657b0952b31914c3bc6d41ffbb465"
  integrity sha512-wUPnUS5CR6Cclw7l7JZHK1//BNYqRCm33TArYtbd6+26hfdHKZoPGtMZOgW+ymmp7MXIZggyJtfFka3Hw8xiYg==
